{
  "name": "restaurant",
  "version": "1.0.0",
  "lockfileVersion": 1,
  "requires": true,
  "dependencies": {
    "idb": {
      "version": "2.1.2",
      "resolved": "https://registry.npmjs.org/idb/-/idb-2.1.2.tgz",
      "integrity": "sha512-E7BE7jihN9IoEoKa7+d0EDsFhgUaEswKBCwlqXHvtDmL4ftPfPbtx/WLik9wWxqAJSCCNGyI5b+8x9QsaK5caw=="
    }
  }
}
